
Microsoft Visual Studio Solution File, Format Version 12.00
# Visual Studio Version 17
VisualStudioVersion = 17.1.32328.378
MinimumVisualStudioVersion = 10.0.40219.1
Project("{FAE04EC0-301F-11D3-BF4B-00C04F79EFBC}") = "DARSPay", "Penality\DARSPay.csproj", "{C7864FEB-EC93-4C3A-9B1A-AE4DCB7CD011}"
EndProject
Global
	GlobalSection(SolutionConfigurationPlatforms) = preSolution
		Debug|Any CPU = Debug|Any CPU
		Release|Any CPU = Release|Any CPU
	EndGlobalSection
	GlobalSection(ProjectConfigurationPlatforms) = postSolution
		{C7864FEB-EC93-4C3A-9B1A-AE4DCB7CD011}.Debug|Any CPU.ActiveCfg = Debug|Any CPU
		{C7864FEB-EC93-4C3A-9B1A-AE4DCB7CD011}.Debug|Any CPU.Build.0 = Debug|Any CPU
		{C7864FEB-EC93-4C3A-9B1A-AE4DCB7CD011}.Release|Any CPU.ActiveCfg = Release|Any CPU
		{C7864FEB-EC93-4C3A-9B1A-AE4DCB7CD011}.Release|Any CPU.Build.0 = Release|Any CPU
	EndGlobalSection
	GlobalSection(SolutionProperties) = preSolution
		HideSolutionNode = FALSE
	EndGlobalSection
	GlobalSection(ExtensibilityGlobals) = postSolution
		SolutionGuid = {BE606A17-CEB1-4A76-942F-B633C0E5FE91}
	EndGlobalSection
EndGlobal
